
Microsoft Visual Studio Solution File, Format Version 12.00
# Visual Studio Version 17
VisualStudioVersion = 17.8.34511.84
MinimumVisualStudioVersion = 10.0.40219.1
Project("{9A19103F-16F7-4668-BE54-9A1E7A4F7556}") = "DevIO.UI.AppModel", "src\DevIO.UI.AppModel\DevIO.UI.AppModel.csproj", "{BE7CBCCF-7C42-47BB-A2C7-9249CE61ABC0}"
EndProject
Global
	GlobalSection(SolutionConfigurationPlatforms) = preSolution
		Debug|Any CPU = Debug|Any CPU
		Release|Any CPU = Release|Any CPU
	EndGlobalSection
	GlobalSection(ProjectConfigurationPlatforms) = postSolution
		{BE7CBCCF-7C42-47BB-A2C7-9249CE61ABC0}.Debug|Any CPU.ActiveCfg = Debug|Any CPU
		{BE7CBCCF-7C42-47BB-A2C7-9249CE61ABC0}.Debug|Any CPU.Build.0 = Debug|Any CPU
		{BE7CBCCF-7C42-47BB-A2C7-9249CE61ABC0}.Release|Any CPU.ActiveCfg = Release|Any CPU
		{BE7CBCCF-7C42-47BB-A2C7-9249CE61ABC0}.Release|Any CPU.Build.0 = Release|Any CPU
	EndGlobalSection
	GlobalSection(SolutionProperties) = preSolution
		HideSolutionNode = FALSE
	EndGlobalSection
	GlobalSection(ExtensibilityGlobals) = postSolution
		SolutionGuid = {C73FD7CC-8F2F-46FE-A02A-0E584BDA06A0}
	EndGlobalSection
EndGlobal
