
Microsoft Visual Studio Solution File, Format Version 12.00
# Visual Studio Version 17
VisualStudioVersion = 17.9.34607.119
MinimumVisualStudioVersion = 10.0.40219.1
Project("{FAE04EC0-301F-11D3-BF4B-00C04F79EFBC}") = "AppMvcBasic", "AppMvcBasic.csproj", "{96A8B784-7941-433D-922E-71D0FD5E9A43}"
EndProject
Global
	GlobalSection(SolutionConfigurationPlatforms) = preSolution
		Debug|Any CPU = Debug|Any CPU
		Release|Any CPU = Release|Any CPU
	EndGlobalSection
	GlobalSection(ProjectConfigurationPlatforms) = postSolution
		{96A8B784-7941-433D-922E-71D0FD5E9A43}.Debug|Any CPU.ActiveCfg = Debug|Any CPU
		{96A8B784-7941-433D-922E-71D0FD5E9A43}.Debug|Any CPU.Build.0 = Debug|Any CPU
		{96A8B784-7941-433D-922E-71D0FD5E9A43}.Release|Any CPU.ActiveCfg = Release|Any CPU
		{96A8B784-7941-433D-922E-71D0FD5E9A43}.Release|Any CPU.Build.0 = Release|Any CPU
	EndGlobalSection
	GlobalSection(SolutionProperties) = preSolution
		HideSolutionNode = FALSE
	EndGlobalSection
	GlobalSection(ExtensibilityGlobals) = postSolution
		SolutionGuid = {D373A907-E978-4134-B205-4A0E01A5D56E}
	EndGlobalSection
EndGlobal
